{
  "name": "puer-project",
  "version": "1.0.0",
  "lockfileVersion": 2,
  "requires": true,
  "packages": {
    "": {
      "name": "puer-project",
      "version": "1.0.0",
      "license": "ISC",
      "dependencies": {
        "fetch-polyfill": "^0.8.2",
        "langchain": "latest",
        "node-fetch": "^3.3.1"
      }
    },
    "node_modules/@dqbd/tiktoken": {
      "version": "1.0.2",
      "resolved": "https://registry.npmjs.org/@dqbd/tiktoken/-/tiktoken-1.0.2.tgz",
      "integrity": "sha512-AjGTBRWsMoVmVeN55NLyupyM8TNamOUBl6tj5t/leLDVup3CFGO9tVagNL1jf3GyZLkWZSTmYVbPQ/M2LEcNzw==",
      "optional": true,
      "peer": true
    },
    "node_modules/@huggingface/inference": {
      "version": "1.6.0",
      "resolved": "https://registry.npmjs.org/@huggingface/inference/-/inference-1.6.0.tgz",
      "integrity": "sha512-j8feaIZp3ED4N98eb3szhYcp67pvwOCPZIkA9Ao4RCN5MPX+zUxOWP95ozhdUbQiAdyVNCB0UGoCpQywTgD8Aw==",
      "optional": true,
      "peer": true,
      "engines": {
        "node": ">=18"
      }
    },
    "node_modules/array-keyed-map": {
      "version": "2.1.3",
      "resolved": "https://registry.npmjs.org/array-keyed-map/-/array-keyed-map-2.1.3.tgz",
      "integrity": "sha512-JIUwuFakO+jHjxyp4YgSiKXSZeC0U+R1jR94bXWBcVlFRBycqXlb+kH9JHxBGcxnVuSqx5bnn0Qz9xtSeKOjiA=="
    },
    "node_modules/asynckit": {
      "version": "0.4.0",
      "resolved": "https://registry.npmjs.org/asynckit/-/asynckit-0.4.0.tgz",
      "integrity": "sha512-Oei9OH4tRh0YqU3GxhX79dM/mwVgvbZJaSNaRk+bshkj0S5cfHcgYakreBjrHwatXKbz+IoIdYLxrKim2MjW0Q=="
    },
    "node_modules/axios": {
      "version": "0.26.1",
      "resolved": "https://registry.npmjs.org/axios/-/axios-0.26.1.tgz",
      "integrity": "sha512-fPwcX4EvnSHuInCMItEhAGnaSEXRBjtzh9fOtsE6E1G6p7vl7edEeZe11QHf18+6+9gR5PbKV/sGKNaD8YaMeA==",
      "dependencies": {
        "follow-redirects": "^1.14.8"
      }
    },
    "node_modules/binary-extensions": {
      "version": "2.2.0",
      "resolved": "https://registry.npmjs.org/binary-extensions/-/binary-extensions-2.2.0.tgz",
      "integrity": "sha512-jDctJ/IVQbZoJykoeHbhXpOlNBqGNcwXJKJog42E5HDPUwQTSdjCHdihjj0DlnheQ7blbT6dHOafNAiS8ooQKA==",
      "engines": {
        "node": ">=8"
      }
    },
    "node_modules/browser-or-node": {
      "version": "2.1.1",
      "resolved": "https://registry.npmjs.org/browser-or-node/-/browser-or-node-2.1.1.tgz",
      "integrity": "sha512-8CVjaLJGuSKMVTxJ2DpBl5XnlNDiT4cQFeuCJJrvJmts9YrTZDizTX7PjC2s6W4x+MBGZeEY6dGMrF04/6Hgqg=="
    },
    "node_modules/busboy": {
      "version": "1.6.0",
      "resolved": "https://registry.npmjs.org/busboy/-/busboy-1.6.0.tgz",
      "integrity": "sha512-8SFQbg/0hQ9xy3UNTB0YEnsNBbWfhf7RtnzpL7TkBiTBRfrQ9Fxcnz7VJsleJpyp6rVLvXiuORqjlHi5q+PYuA==",
      "optional": true,
      "peer": true,
      "dependencies": {
        "streamsearch": "^1.1.0"
      },
      "engines": {
        "node": ">=10.16.0"
      }
    },
    "node_modules/cohere-ai": {
      "version": "5.1.0",
      "resolved": "https://registry.npmjs.org/cohere-ai/-/cohere-ai-5.1.0.tgz",
      "integrity": "sha512-7q3z3w6GSoPxQqRL9G6QTaQ0e513auVE1JlNDnqnoFEXGtDbkVfaTOliR5qrMoK//74Csb0NW669evqngwPx3g==",
      "optional": true,
      "peer": true
    },
    "node_modules/combined-stream": {
      "version": "1.0.8",
      "resolved": "https://registry.npmjs.org/combined-stream/-/combined-stream-1.0.8.tgz",
      "integrity": "sha512-FQN4MRfuJeHf7cBbBMJFXhKSDq+2kAArBlmRBvcvFE5BB1HZKXtSFASDhdlz9zOYwxh8lDdnvmMOe/+5cdoEdg==",
      "dependencies": {
        "delayed-stream": "~1.0.0"
      },
      "engines": {
        "node": ">= 0.8"
      }
    },
    "node_modules/data-uri-to-buffer": {
      "version": "4.0.1",
      "resolved": "https://mirrors.tencent.com/npm/data-uri-to-buffer/-/data-uri-to-buffer-4.0.1.tgz",
      "integrity": "sha512-0R9ikRb668HB7QDxT1vkpuUBtqc53YyAwMwGeUFKRojY/NWKvdZ+9UYtRfGmhqNbRkTSVpMbmyhXipFFv2cb/A==",
      "engines": {
        "node": ">= 12"
      }
    },
    "node_modules/delayed-stream": {
      "version": "1.0.0",
      "resolved": "https://registry.npmjs.org/delayed-stream/-/delayed-stream-1.0.0.tgz",
      "integrity": "sha512-ZySD7Nf91aLB0RxL4KGrKHBXl7Eds1DAmEdcoVawXnLD7SDhpNgtuII2aAkg7a7QS41jxPSZ17p4VdGnMHk3MQ==",
      "engines": {
        "node": ">=0.4.0"
      }
    },
    "node_modules/eventemitter3": {
      "version": "4.0.7",
      "resolved": "https://registry.npmjs.org/eventemitter3/-/eventemitter3-4.0.7.tgz",
      "integrity": "sha512-8guHBZCwKnFhYdHr2ysuRWErTwhoN2X8XELRlrRwpmfeY2jjuUN4taQMsULKUVo1K4DvZl+0pgfyoysHxvmvEw=="
    },
    "node_modules/eventsource-parser": {
      "version": "0.1.0",
      "resolved": "https://registry.npmjs.org/eventsource-parser/-/eventsource-parser-0.1.0.tgz",
      "integrity": "sha512-M9QjFtEIkwytUarnx113HGmgtk52LSn3jNAtnWKi3V+b9rqSfQeVdLsaD5AG/O4IrGQwmAAHBIsqbmURPTd2rA==",
      "engines": {
        "node": ">=14.18"
      }
    },
    "node_modules/exponential-backoff": {
      "version": "3.1.1",
      "resolved": "https://registry.npmjs.org/exponential-backoff/-/exponential-backoff-3.1.1.tgz",
      "integrity": "sha512-dX7e/LHVJ6W3DE1MHWi9S1EYzDESENfLrYohG2G++ovZrYOkm4Knwa0mc1cn84xJOR4KEU0WSchhLbd0UklbHw=="
    },
    "node_modules/expr-eval": {
      "version": "2.0.2",
      "resolved": "https://registry.npmjs.org/expr-eval/-/expr-eval-2.0.2.tgz",
      "integrity": "sha512-4EMSHGOPSwAfBiibw3ndnP0AvjDWLsMvGOvWEZ2F96IGk0bIVdjQisOHxReSkE13mHcfbuCiXw+G4y0zv6N8Eg=="
    },
    "node_modules/fetch-blob": {
      "version": "3.2.0",
      "resolved": "https://mirrors.tencent.com/npm/fetch-blob/-/fetch-blob-3.2.0.tgz",
      "integrity": "sha512-7yAQpD2UMJzLi1Dqv7qFYnPbaPx7ZfFK6PiIxQ4PfkGPyNyl2Ugx+a/umUonmKqjhM4DnfbMvdX6otXq83soQQ==",
      "funding": [
        {
          "type": "github",
          "url": "https://github.com/sponsors/jimmywarting"
        },
        {
          "type": "paypal",
          "url": "https://paypal.me/jimmywarting"
        }
      ],
      "dependencies": {
        "node-domexception": "^1.0.0",
        "web-streams-polyfill": "^3.0.3"
      },
      "engines": {
        "node": "^12.20 || >= 14.13"
      }
    },
    "node_modules/fetch-polyfill": {
      "version": "0.8.2",
      "resolved": "https://mirrors.tencent.com/npm/fetch-polyfill/-/fetch-polyfill-0.8.2.tgz",
      "integrity": "sha1-PhSGRC2ltTxD5mppUeqg/V0j8aw="
    },
    "node_modules/follow-redirects": {
      "version": "1.15.2",
      "resolved": "https://registry.npmjs.org/follow-redirects/-/follow-redirects-1.15.2.tgz",
      "integrity": "sha512-VQLG33o04KaQ8uYi2tVNbdrWp1QWxNNea+nmIB4EVM28v0hmP17z7aG1+wAkNzVq4KeXTq3221ye5qTJP91JwA==",
      "funding": [
        {
          "type": "individual",
          "url": "https://github.com/sponsors/RubenVerborgh"
        }
      ],
      "engines": {
        "node": ">=4.0"
      },
      "peerDependenciesMeta": {
        "debug": {
          "optional": true
        }
      }
    },
    "node_modules/form-data": {
      "version": "4.0.0",
      "resolved": "https://registry.npmjs.org/form-data/-/form-data-4.0.0.tgz",
      "integrity": "sha512-ETEklSGi5t0QMZuiXoA/Q6vcnxcLQP5vdugSpuAyi6SVGi2clPPp+xgEhuMaHC+zGgn31Kd235W35f7Hykkaww==",
      "dependencies": {
        "asynckit": "^0.4.0",
        "combined-stream": "^1.0.8",
        "mime-types": "^2.1.12"
      },
      "engines": {
        "node": ">= 6"
      }
    },
    "node_modules/formdata-polyfill": {
      "version": "4.0.10",
      "resolved": "https://mirrors.tencent.com/npm/formdata-polyfill/-/formdata-polyfill-4.0.10.tgz",
      "integrity": "sha512-buewHzMvYL29jdeQTVILecSaZKnt/RJWjoZCF5OW60Z67/GmSLBkOFM7qh1PI3zFNtJbaZL5eQu1vLfazOwj4g==",
      "dependencies": {
        "fetch-blob": "^3.1.2"
      },
      "engines": {
        "node": ">=12.20.0"
      }
    },
    "node_modules/gpt3-tokenizer": {
      "version": "1.1.5",
      "resolved": "https://registry.npmjs.org/gpt3-tokenizer/-/gpt3-tokenizer-1.1.5.tgz",
      "integrity": "sha512-O9iCL8MqGR0Oe9wTh0YftzIbysypNQmS5a5JG3cB3M4LMYjlAVvNnf8LUzVY9MrI7tj+YLY356uHtO2lLX2HpA==",
      "dependencies": {
        "array-keyed-map": "^2.1.3"
      },
      "engines": {
        "node": ">=12"
      }
    },
    "node_modules/is-binary-path": {
      "version": "2.1.0",
      "resolved": "https://registry.npmjs.org/is-binary-path/-/is-binary-path-2.1.0.tgz",
      "integrity": "sha512-ZMERYes6pDydyuGidse7OsHxtbI7WVeUEozgR/g7rd0xUimYNlvZRE/K2MgZTjWy725IfelLeVcEM97mmtRGXw==",
      "dependencies": {
        "binary-extensions": "^2.0.0"
      },
      "engines": {
        "node": ">=8"
      }
    },
    "node_modules/jsonpointer": {
      "version": "5.0.1",
      "resolved": "https://registry.npmjs.org/jsonpointer/-/jsonpointer-5.0.1.tgz",
      "integrity": "sha512-p/nXbhSEcu3pZRdkW1OfJhpsVtW1gd4Wa1fnQc9YLiTfAjn0312eMKimbdIQzuZl9aa9xUGaRlP9T/CJE/ditQ==",
      "engines": {
        "node": ">=0.10.0"
      }
    },
    "node_modules/langchain": {
      "version": "0.0.39",
      "resolved": "https://registry.npmjs.org/langchain/-/langchain-0.0.39.tgz",
      "integrity": "sha512-vBdCHYWtP05j6/trnVKZ+tic6oF2GOJKnCtm4/cxgHrdAkxq2eQ3dju4eYuXI4jIVyeGYsFCg3R7t2P8mdv1eg==",
      "dependencies": {
        "browser-or-node": "^2.1.1",
        "eventsource-parser": "^0.1.0",
        "exponential-backoff": "^3.1.0",
        "expr-eval": "^2.0.2",
        "gpt3-tokenizer": "^1.1.5",
        "is-binary-path": "^2.1.0",
        "jsonpointer": "^5.0.1",
        "object-hash": "^3.0.0",
        "openai": "^3.2.0",
        "p-queue": "^7.3.4",
        "uuid": "^9.0.0",
        "yaml": "^2.2.1",
        "zod": "^3.21.4"
      },
      "peerDependencies": {
        "@dqbd/tiktoken": "^1.0.2",
        "@huggingface/inference": "^1.5.1",
        "@pinecone-database/pinecone": "^0.0.10",
        "@supabase/supabase-js": "^2.10.0",
        "cheerio": "^1.0.0-rc.12",
        "chromadb": "^1.3.0",
        "cohere-ai": "^5.0.2",
        "d3-dsv": "^3.0.1",
        "hnswlib-node": "^1.4.2",
        "pdf-parse": "^1.1.1",
        "puppeteer": "^19.7.2",
        "redis": "^4.6.4",
        "serpapi": "^1.1.1",
        "srt-parser-2": "^1.2.2",
        "typeorm": "^0.3.12"
      },
      "peerDependenciesMeta": {
        "@dqbd/tiktoken": {
          "optional": true
        },
        "@huggingface/inference": {
          "optional": true
        },
        "@pinecone-database/pinecone": {
          "optional": true
        },
        "@supabase/supabase-js": {
          "optional": true
        },
        "cheerio": {
          "optional": true
        },
        "chromadb": {
          "optional": true
        },
        "cohere-ai": {
          "optional": true
        },
        "d3-dsv": {
          "optional": true
        },
        "hnswlib-node": {
          "optional": true
        },
        "pdf-parse": {
          "optional": true
        },
        "puppeteer": {
          "optional": true
        },
        "redis": {
          "optional": true
        },
        "serpapi": {
          "optional": true
        },
        "srt-parser-2": {
          "optional": true
        },
        "typeorm": {
          "optional": true
        }
      }
    },
    "node_modules/mime-db": {
      "version": "1.52.0",
      "resolved": "https://registry.npmjs.org/mime-db/-/mime-db-1.52.0.tgz",
      "integrity": "sha512-sPU4uV7dYlvtWJxwwxHD0PuihVNiE7TyAbQ5SWxDCB9mUYvOgroQOwYQQOKPJ8CIbE+1ETVlOoK1UC2nU3gYvg==",
      "engines": {
        "node": ">= 0.6"
      }
    },
    "node_modules/mime-types": {
      "version": "2.1.35",
      "resolved": "https://registry.npmjs.org/mime-types/-/mime-types-2.1.35.tgz",
      "integrity": "sha512-ZDY+bPm5zTTF+YpCrAU9nK0UgICYPT0QtT1NZWFv4s++TNkcgVaT0g6+4R2uI4MjQjzysHB1zxuWL50hzaeXiw==",
      "dependencies": {
        "mime-db": "1.52.0"
      },
      "engines": {
        "node": ">= 0.6"
      }
    },
    "node_modules/node-domexception": {
      "version": "1.0.0",
      "resolved": "https://mirrors.tencent.com/npm/node-domexception/-/node-domexception-1.0.0.tgz",
      "integrity": "sha512-/jKZoMpw0F8GRwl4/eLROPA3cfcXtLApP0QzLmUT/HuPCZWyB7IY9ZrMeKw2O/nFIqPQB3PVM9aYm0F312AXDQ==",
      "funding": [
        {
          "type": "github",
          "url": "https://github.com/sponsors/jimmywarting"
        },
        {
          "type": "github",
          "url": "https://paypal.me/jimmywarting"
        }
      ],
      "engines": {
        "node": ">=10.5.0"
      }
    },
    "node_modules/node-fetch": {
      "version": "3.3.1",
      "resolved": "https://mirrors.tencent.com/npm/node-fetch/-/node-fetch-3.3.1.tgz",
      "integrity": "sha512-cRVc/kyto/7E5shrWca1Wsea4y6tL9iYJE5FBCius3JQfb/4P4I295PfhgbJQBLTx6lATE4z+wK0rPM4VS2uow==",
      "dependencies": {
        "data-uri-to-buffer": "^4.0.0",
        "fetch-blob": "^3.1.4",
        "formdata-polyfill": "^4.0.10"
      },
      "engines": {
        "node": "^12.20.0 || ^14.13.1 || >=16.0.0"
      },
      "funding": {
        "type": "opencollective",
        "url": "https://opencollective.com/node-fetch"
      }
    },
    "node_modules/object-hash": {
      "version": "3.0.0",
      "resolved": "https://registry.npmjs.org/object-hash/-/object-hash-3.0.0.tgz",
      "integrity": "sha512-RSn9F68PjH9HqtltsSnqYC1XXoWe9Bju5+213R98cNGttag9q9yAOTzdbsqvIa7aNm5WffBZFpWYr2aWrklWAw==",
      "engines": {
        "node": ">= 6"
      }
    },
    "node_modules/openai": {
      "version": "3.2.1",
      "resolved": "https://registry.npmjs.org/openai/-/openai-3.2.1.tgz",
      "integrity": "sha512-762C9BNlJPbjjlWZi4WYK9iM2tAVAv0uUp1UmI34vb0CN5T2mjB/qM6RYBmNKMh/dN9fC+bxqPwWJZUTWW052A==",
      "dependencies": {
        "axios": "^0.26.0",
        "form-data": "^4.0.0"
      }
    },
    "node_modules/p-queue": {
      "version": "7.3.4",
      "resolved": "https://registry.npmjs.org/p-queue/-/p-queue-7.3.4.tgz",
      "integrity": "sha512-esox8CWt0j9EZECFvkFl2WNPat8LN4t7WWeXq73D9ha0V96qPRufApZi4ZhPwXAln1uVVal429HVVKPa2X0yQg==",
      "dependencies": {
        "eventemitter3": "^4.0.7",
        "p-timeout": "^5.0.2"
      },
      "engines": {
        "node": ">=12"
      },
      "funding": {
        "url": "https://github.com/sponsors/sindresorhus"
      }
    },
    "node_modules/p-timeout": {
      "version": "5.1.0",
      "resolved": "https://registry.npmjs.org/p-timeout/-/p-timeout-5.1.0.tgz",
      "integrity": "sha512-auFDyzzzGZZZdHz3BtET9VEz0SE/uMEAx7uWfGPucfzEwwe/xH0iVeZibQmANYE/hp9T2+UUZT5m+BKyrDp3Ew==",
      "engines": {
        "node": ">=12"
      },
      "funding": {
        "url": "https://github.com/sponsors/sindresorhus"
      }
    },
    "node_modules/serpapi": {
      "version": "1.1.1",
      "resolved": "https://registry.npmjs.org/serpapi/-/serpapi-1.1.1.tgz",
      "integrity": "sha512-t5Bqu/6VMJ9naX8K+qCgUStpZOaNQFvIM4AudhMJLS6sqQT/EHaYrhGidDZHVx8QvcEdY6y1wNlxizOCtvJtUQ==",
      "optional": true,
      "peer": true,
      "dependencies": {
        "undici": "^5.12.0"
      }
    },
    "node_modules/streamsearch": {
      "version": "1.1.0",
      "resolved": "https://registry.npmjs.org/streamsearch/-/streamsearch-1.1.0.tgz",
      "integrity": "sha512-Mcc5wHehp9aXz1ax6bZUyY5afg9u2rv5cqQI3mRrYkGC8rW2hM02jWuwjtL++LS5qinSyhj2QfLyNsuc+VsExg==",
      "optional": true,
      "peer": true,
      "engines": {
        "node": ">=10.0.0"
      }
    },
    "node_modules/undici": {
      "version": "5.21.0",
      "resolved": "https://registry.npmjs.org/undici/-/undici-5.21.0.tgz",
      "integrity": "sha512-HOjK8l6a57b2ZGXOcUsI5NLfoTrfmbOl90ixJDl0AEFG4wgHNDQxtZy15/ZQp7HhjkpaGlp/eneMgtsu1dIlUA==",
      "optional": true,
      "peer": true,
      "dependencies": {
        "busboy": "^1.6.0"
      },
      "engines": {
        "node": ">=12.18"
      }
    },
    "node_modules/uuid": {
      "version": "9.0.0",
      "resolved": "https://registry.npmjs.org/uuid/-/uuid-9.0.0.tgz",
      "integrity": "sha512-MXcSTerfPa4uqyzStbRoTgt5XIe3x5+42+q1sDuy3R5MDk66URdLMOZe5aPX/SQd+kuYAh0FdP/pO28IkQyTeg==",
      "bin": {
        "uuid": "dist/bin/uuid"
      }
    },
    "node_modules/web-streams-polyfill": {
      "version": "3.2.1",
      "resolved": "https://mirrors.tencent.com/npm/web-streams-polyfill/-/web-streams-polyfill-3.2.1.tgz",
      "integrity": "sha512-e0MO3wdXWKrLbL0DgGnUV7WHVuw9OUvL4hjgnPkIeEvESk74gAITi5G606JtZPp39cd8HA9VQzCIvA49LpPN5Q==",
      "engines": {
        "node": ">= 8"
      }
    },
    "node_modules/yaml": {
      "version": "2.2.1",
      "resolved": "https://registry.npmjs.org/yaml/-/yaml-2.2.1.tgz",
      "integrity": "sha512-e0WHiYql7+9wr4cWMx3TVQrNwejKaEe7/rHNmQmqRjazfOP5W8PB6Jpebb5o6fIapbz9o9+2ipcaTM2ZwDI6lw==",
      "engines": {
        "node": ">= 14"
      }
    },
    "node_modules/zod": {
      "version": "3.21.4",
      "resolved": "https://registry.npmjs.org/zod/-/zod-3.21.4.tgz",
      "integrity": "sha512-m46AKbrzKVzOzs/DZgVnG5H55N1sv1M8qZU3A8RIKbs3mrACDNeIOeilDymVb2HdmP8uwshOCF4uJ8uM9rCqJw==",
      "funding": {
        "url": "https://github.com/sponsors/colinhacks"
      }
    }
  },
  "dependencies": {
    "@dqbd/tiktoken": {
      "version": "1.0.2",
      "resolved": "https://registry.npmjs.org/@dqbd/tiktoken/-/tiktoken-1.0.2.tgz",
      "integrity": "sha512-AjGTBRWsMoVmVeN55NLyupyM8TNamOUBl6tj5t/leLDVup3CFGO9tVagNL1jf3GyZLkWZSTmYVbPQ/M2LEcNzw==",
      "optional": true,
      "peer": true
    },
    "@huggingface/inference": {
      "version": "1.6.0",
      "resolved": "https://registry.npmjs.org/@huggingface/inference/-/inference-1.6.0.tgz",
      "integrity": "sha512-j8feaIZp3ED4N98eb3szhYcp67pvwOCPZIkA9Ao4RCN5MPX+zUxOWP95ozhdUbQiAdyVNCB0UGoCpQywTgD8Aw==",
      "optional": true,
      "peer": true
    },
    "array-keyed-map": {
      "version": "2.1.3",
      "resolved": "https://registry.npmjs.org/array-keyed-map/-/array-keyed-map-2.1.3.tgz",
      "integrity": "sha512-JIUwuFakO+jHjxyp4YgSiKXSZeC0U+R1jR94bXWBcVlFRBycqXlb+kH9JHxBGcxnVuSqx5bnn0Qz9xtSeKOjiA=="
    },
    "asynckit": {
      "version": "0.4.0",
      "resolved": "https://registry.npmjs.org/asynckit/-/asynckit-0.4.0.tgz",
      "integrity": "sha512-Oei9OH4tRh0YqU3GxhX79dM/mwVgvbZJaSNaRk+bshkj0S5cfHcgYakreBjrHwatXKbz+IoIdYLxrKim2MjW0Q=="
    },
    "axios": {
      "version": "0.26.1",
      "resolved": "https://registry.npmjs.org/axios/-/axios-0.26.1.tgz",
      "integrity": "sha512-fPwcX4EvnSHuInCMItEhAGnaSEXRBjtzh9fOtsE6E1G6p7vl7edEeZe11QHf18+6+9gR5PbKV/sGKNaD8YaMeA==",
      "requires": {
        "follow-redirects": "^1.14.8"
      }
    },
    "binary-extensions": {
      "version": "2.2.0",
      "resolved": "https://registry.npmjs.org/binary-extensions/-/binary-extensions-2.2.0.tgz",
      "integrity": "sha512-jDctJ/IVQbZoJykoeHbhXpOlNBqGNcwXJKJog42E5HDPUwQTSdjCHdihjj0DlnheQ7blbT6dHOafNAiS8ooQKA=="
    },
    "browser-or-node": {
      "version": "2.1.1",
      "resolved": "https://registry.npmjs.org/browser-or-node/-/browser-or-node-2.1.1.tgz",
      "integrity": "sha512-8CVjaLJGuSKMVTxJ2DpBl5XnlNDiT4cQFeuCJJrvJmts9YrTZDizTX7PjC2s6W4x+MBGZeEY6dGMrF04/6Hgqg=="
    },
    "busboy": {
      "version": "1.6.0",
      "resolved": "https://registry.npmjs.org/busboy/-/busboy-1.6.0.tgz",
      "integrity": "sha512-8SFQbg/0hQ9xy3UNTB0YEnsNBbWfhf7RtnzpL7TkBiTBRfrQ9Fxcnz7VJsleJpyp6rVLvXiuORqjlHi5q+PYuA==",
      "optional": true,
      "peer": true,
      "requires": {
        "streamsearch": "^1.1.0"
      }
    },
    "cohere-ai": {
      "version": "5.1.0",
      "resolved": "https://registry.npmjs.org/cohere-ai/-/cohere-ai-5.1.0.tgz",
      "integrity": "sha512-7q3z3w6GSoPxQqRL9G6QTaQ0e513auVE1JlNDnqnoFEXGtDbkVfaTOliR5qrMoK//74Csb0NW669evqngwPx3g==",
      "optional": true,
      "peer": true
    },
    "combined-stream": {
      "version": "1.0.8",
      "resolved": "https://registry.npmjs.org/combined-stream/-/combined-stream-1.0.8.tgz",
      "integrity": "sha512-FQN4MRfuJeHf7cBbBMJFXhKSDq+2kAArBlmRBvcvFE5BB1HZKXtSFASDhdlz9zOYwxh8lDdnvmMOe/+5cdoEdg==",
      "requires": {
        "delayed-stream": "~1.0.0"
      }
    },
    "data-uri-to-buffer": {
      "version": "4.0.1",
      "resolved": "https://mirrors.tencent.com/npm/data-uri-to-buffer/-/data-uri-to-buffer-4.0.1.tgz",
      "integrity": "sha512-0R9ikRb668HB7QDxT1vkpuUBtqc53YyAwMwGeUFKRojY/NWKvdZ+9UYtRfGmhqNbRkTSVpMbmyhXipFFv2cb/A=="
    },
    "delayed-stream": {
      "version": "1.0.0",
      "resolved": "https://registry.npmjs.org/delayed-stream/-/delayed-stream-1.0.0.tgz",
      "integrity": "sha512-ZySD7Nf91aLB0RxL4KGrKHBXl7Eds1DAmEdcoVawXnLD7SDhpNgtuII2aAkg7a7QS41jxPSZ17p4VdGnMHk3MQ=="
    },
    "eventemitter3": {
      "version": "4.0.7",
      "resolved": "https://registry.npmjs.org/eventemitter3/-/eventemitter3-4.0.7.tgz",
      "integrity": "sha512-8guHBZCwKnFhYdHr2ysuRWErTwhoN2X8XELRlrRwpmfeY2jjuUN4taQMsULKUVo1K4DvZl+0pgfyoysHxvmvEw=="
    },
    "eventsource-parser": {
      "version": "0.1.0",
      "resolved": "https://registry.npmjs.org/eventsource-parser/-/eventsource-parser-0.1.0.tgz",
      "integrity": "sha512-M9QjFtEIkwytUarnx113HGmgtk52LSn3jNAtnWKi3V+b9rqSfQeVdLsaD5AG/O4IrGQwmAAHBIsqbmURPTd2rA=="
    },
    "exponential-backoff": {
      "version": "3.1.1",
      "resolved": "https://registry.npmjs.org/exponential-backoff/-/exponential-backoff-3.1.1.tgz",
      "integrity": "sha512-dX7e/LHVJ6W3DE1MHWi9S1EYzDESENfLrYohG2G++ovZrYOkm4Knwa0mc1cn84xJOR4KEU0WSchhLbd0UklbHw=="
    },
    "expr-eval": {
      "version": "2.0.2",
      "resolved": "https://registry.npmjs.org/expr-eval/-/expr-eval-2.0.2.tgz",
      "integrity": "sha512-4EMSHGOPSwAfBiibw3ndnP0AvjDWLsMvGOvWEZ2F96IGk0bIVdjQisOHxReSkE13mHcfbuCiXw+G4y0zv6N8Eg=="
    },
    "fetch-blob": {
      "version": "3.2.0",
      "resolved": "https://mirrors.tencent.com/npm/fetch-blob/-/fetch-blob-3.2.0.tgz",
      "integrity": "sha512-7yAQpD2UMJzLi1Dqv7qFYnPbaPx7ZfFK6PiIxQ4PfkGPyNyl2Ugx+a/umUonmKqjhM4DnfbMvdX6otXq83soQQ==",
      "requires": {
        "node-domexception": "^1.0.0",
        "web-streams-polyfill": "^3.0.3"
      }
    },
    "fetch-polyfill": {
      "version": "0.8.2",
      "resolved": "https://mirrors.tencent.com/npm/fetch-polyfill/-/fetch-polyfill-0.8.2.tgz",
      "integrity": "sha1-PhSGRC2ltTxD5mppUeqg/V0j8aw="
    },
    "follow-redirects": {
      "version": "1.15.2",
      "resolved": "https://registry.npmjs.org/follow-redirects/-/follow-redirects-1.15.2.tgz",
      "integrity": "sha512-VQLG33o04KaQ8uYi2tVNbdrWp1QWxNNea+nmIB4EVM28v0hmP17z7aG1+wAkNzVq4KeXTq3221ye5qTJP91JwA=="
    },
    "form-data": {
      "version": "4.0.0",
      "resolved": "https://registry.npmjs.org/form-data/-/form-data-4.0.0.tgz",
      "integrity": "sha512-ETEklSGi5t0QMZuiXoA/Q6vcnxcLQP5vdugSpuAyi6SVGi2clPPp+xgEhuMaHC+zGgn31Kd235W35f7Hykkaww==",
      "requires": {
        "asynckit": "^0.4.0",
        "combined-stream": "^1.0.8",
        "mime-types": "^2.1.12"
      }
    },
    "formdata-polyfill": {
      "version": "4.0.10",
      "resolved": "https://mirrors.tencent.com/npm/formdata-polyfill/-/formdata-polyfill-4.0.10.tgz",
      "integrity": "sha512-buewHzMvYL29jdeQTVILecSaZKnt/RJWjoZCF5OW60Z67/GmSLBkOFM7qh1PI3zFNtJbaZL5eQu1vLfazOwj4g==",
      "requires": {
        "fetch-blob": "^3.1.2"
      }
    },
    "gpt3-tokenizer": {
      "version": "1.1.5",
      "resolved": "https://registry.npmjs.org/gpt3-tokenizer/-/gpt3-tokenizer-1.1.5.tgz",
      "integrity": "sha512-O9iCL8MqGR0Oe9wTh0YftzIbysypNQmS5a5JG3cB3M4LMYjlAVvNnf8LUzVY9MrI7tj+YLY356uHtO2lLX2HpA==",
      "requires": {
        "array-keyed-map": "^2.1.3"
      }
    },
    "is-binary-path": {
      "version": "2.1.0",
      "resolved": "https://registry.npmjs.org/is-binary-path/-/is-binary-path-2.1.0.tgz",
      "integrity": "sha512-ZMERYes6pDydyuGidse7OsHxtbI7WVeUEozgR/g7rd0xUimYNlvZRE/K2MgZTjWy725IfelLeVcEM97mmtRGXw==",
      "requires": {
        "binary-extensions": "^2.0.0"
      }
    },
    "jsonpointer": {
      "version": "5.0.1",
      "resolved": "https://registry.npmjs.org/jsonpointer/-/jsonpointer-5.0.1.tgz",
      "integrity": "sha512-p/nXbhSEcu3pZRdkW1OfJhpsVtW1gd4Wa1fnQc9YLiTfAjn0312eMKimbdIQzuZl9aa9xUGaRlP9T/CJE/ditQ=="
    },
    "langchain": {
      "version": "0.0.39",
      "resolved": "https://registry.npmjs.org/langchain/-/langchain-0.0.39.tgz",
      "integrity": "sha512-vBdCHYWtP05j6/trnVKZ+tic6oF2GOJKnCtm4/cxgHrdAkxq2eQ3dju4eYuXI4jIVyeGYsFCg3R7t2P8mdv1eg==",
      "requires": {
        "browser-or-node": "^2.1.1",
        "eventsource-parser": "^0.1.0",
        "exponential-backoff": "^3.1.0",
        "expr-eval": "^2.0.2",
        "gpt3-tokenizer": "^1.1.5",
        "is-binary-path": "^2.1.0",
        "jsonpointer": "^5.0.1",
        "object-hash": "^3.0.0",
        "openai": "^3.2.0",
        "p-queue": "^7.3.4",
        "uuid": "^9.0.0",
        "yaml": "^2.2.1",
        "zod": "^3.21.4"
      }
    },
    "mime-db": {
      "version": "1.52.0",
      "resolved": "https://registry.npmjs.org/mime-db/-/mime-db-1.52.0.tgz",
      "integrity": "sha512-sPU4uV7dYlvtWJxwwxHD0PuihVNiE7TyAbQ5SWxDCB9mUYvOgroQOwYQQOKPJ8CIbE+1ETVlOoK1UC2nU3gYvg=="
    },
    "mime-types": {
      "version": "2.1.35",
      "resolved": "https://registry.npmjs.org/mime-types/-/mime-types-2.1.35.tgz",
      "integrity": "sha512-ZDY+bPm5zTTF+YpCrAU9nK0UgICYPT0QtT1NZWFv4s++TNkcgVaT0g6+4R2uI4MjQjzysHB1zxuWL50hzaeXiw==",
      "requires": {
        "mime-db": "1.52.0"
      }
    },
    "node-domexception": {
      "version": "1.0.0",
      "resolved": "https://mirrors.tencent.com/npm/node-domexception/-/node-domexception-1.0.0.tgz",
      "integrity": "sha512-/jKZoMpw0F8GRwl4/eLROPA3cfcXtLApP0QzLmUT/HuPCZWyB7IY9ZrMeKw2O/nFIqPQB3PVM9aYm0F312AXDQ=="
    },
    "node-fetch": {
      "version": "3.3.1",
      "resolved": "https://mirrors.tencent.com/npm/node-fetch/-/node-fetch-3.3.1.tgz",
      "integrity": "sha512-cRVc/kyto/7E5shrWca1Wsea4y6tL9iYJE5FBCius3JQfb/4P4I295PfhgbJQBLTx6lATE4z+wK0rPM4VS2uow==",
      "requires": {
        "data-uri-to-buffer": "^4.0.0",
        "fetch-blob": "^3.1.4",
        "formdata-polyfill": "^4.0.10"
      }
    },
    "object-hash": {
      "version": "3.0.0",
      "resolved": "https://registry.npmjs.org/object-hash/-/object-hash-3.0.0.tgz",
      "integrity": "sha512-RSn9F68PjH9HqtltsSnqYC1XXoWe9Bju5+213R98cNGttag9q9yAOTzdbsqvIa7aNm5WffBZFpWYr2aWrklWAw=="
    },
    "openai": {
      "version": "3.2.1",
      "resolved": "https://registry.npmjs.org/openai/-/openai-3.2.1.tgz",
      "integrity": "sha512-762C9BNlJPbjjlWZi4WYK9iM2tAVAv0uUp1UmI34vb0CN5T2mjB/qM6RYBmNKMh/dN9fC+bxqPwWJZUTWW052A==",
      "requires": {
        "axios": "^0.26.0",
        "form-data": "^4.0.0"
      }
    },
    "p-queue": {
      "version": "7.3.4",
      "resolved": "https://registry.npmjs.org/p-queue/-/p-queue-7.3.4.tgz",
      "integrity": "sha512-esox8CWt0j9EZECFvkFl2WNPat8LN4t7WWeXq73D9ha0V96qPRufApZi4ZhPwXAln1uVVal429HVVKPa2X0yQg==",
      "requires": {
        "eventemitter3": "^4.0.7",
        "p-timeout": "^5.0.2"
      }
    },
    "p-timeout": {
      "version": "5.1.0",
      "resolved": "https://registry.npmjs.org/p-timeout/-/p-timeout-5.1.0.tgz",
      "integrity": "sha512-auFDyzzzGZZZdHz3BtET9VEz0SE/uMEAx7uWfGPucfzEwwe/xH0iVeZibQmANYE/hp9T2+UUZT5m+BKyrDp3Ew=="
    },
    "serpapi": {
      "version": "1.1.1",
      "resolved": "https://registry.npmjs.org/serpapi/-/serpapi-1.1.1.tgz",
      "integrity": "sha512-t5Bqu/6VMJ9naX8K+qCgUStpZOaNQFvIM4AudhMJLS6sqQT/EHaYrhGidDZHVx8QvcEdY6y1wNlxizOCtvJtUQ==",
      "optional": true,
      "peer": true,
      "requires": {
        "undici": "^5.12.0"
      }
    },
    "streamsearch": {
      "version": "1.1.0",
      "resolved": "https://registry.npmjs.org/streamsearch/-/streamsearch-1.1.0.tgz",
      "integrity": "sha512-Mcc5wHehp9aXz1ax6bZUyY5afg9u2rv5cqQI3mRrYkGC8rW2hM02jWuwjtL++LS5qinSyhj2QfLyNsuc+VsExg==",
      "optional": true,
      "peer": true
    },
    "undici": {
      "version": "5.21.0",
      "resolved": "https://registry.npmjs.org/undici/-/undici-5.21.0.tgz",
      "integrity": "sha512-HOjK8l6a57b2ZGXOcUsI5NLfoTrfmbOl90ixJDl0AEFG4wgHNDQxtZy15/ZQp7HhjkpaGlp/eneMgtsu1dIlUA==",
      "optional": true,
      "peer": true,
      "requires": {
        "busboy": "^1.6.0"
      }
    },
    "uuid": {
      "version": "9.0.0",
      "resolved": "https://registry.npmjs.org/uuid/-/uuid-9.0.0.tgz",
      "integrity": "sha512-MXcSTerfPa4uqyzStbRoTgt5XIe3x5+42+q1sDuy3R5MDk66URdLMOZe5aPX/SQd+kuYAh0FdP/pO28IkQyTeg=="
    },
    "web-streams-polyfill": {
      "version": "3.2.1",
      "resolved": "https://mirrors.tencent.com/npm/web-streams-polyfill/-/web-streams-polyfill-3.2.1.tgz",
      "integrity": "sha512-e0MO3wdXWKrLbL0DgGnUV7WHVuw9OUvL4hjgnPkIeEvESk74gAITi5G606JtZPp39cd8HA9VQzCIvA49LpPN5Q=="
    },
    "yaml": {
      "version": "2.2.1",
      "resolved": "https://registry.npmjs.org/yaml/-/yaml-2.2.1.tgz",
      "integrity": "sha512-e0WHiYql7+9wr4cWMx3TVQrNwejKaEe7/rHNmQmqRjazfOP5W8PB6Jpebb5o6fIapbz9o9+2ipcaTM2ZwDI6lw=="
    },
    "zod": {
      "version": "3.21.4",
      "resolved": "https://registry.npmjs.org/zod/-/zod-3.21.4.tgz",
      "integrity": "sha512-m46AKbrzKVzOzs/DZgVnG5H55N1sv1M8qZU3A8RIKbs3mrACDNeIOeilDymVb2HdmP8uwshOCF4uJ8uM9rCqJw=="
    }
  }
}
